
Microsoft Visual Studio Solution File, Format Version 12.00
# Visual Studio Version 17
VisualStudioVersion = 17.9.34902.65
MinimumVisualStudioVersion = 10.0.40219.1
Project("{FAE04EC0-301F-11D3-BF4B-00C04F79EFBC}") = "DatabaseProject", "DatabaseProject\DatabaseProject.csproj", "{DFB330A3-43E8-4C51-A012-813D5A31F551}"
EndProject
Global
	GlobalSection(SolutionConfigurationPlatforms) = preSolution
		Debug|Any CPU = Debug|Any CPU
		Release|Any CPU = Release|Any CPU
	EndGlobalSection
	GlobalSection(ProjectConfigurationPlatforms) = postSolution
		{DFB330A3-43E8-4C51-A012-813D5A31F551}.Debug|Any CPU.ActiveCfg = Debug|Any CPU
		{DFB330A3-43E8-4C51-A012-813D5A31F551}.Debug|Any CPU.Build.0 = Debug|Any CPU
		{DFB330A3-43E8-4C51-A012-813D5A31F551}.Release|Any CPU.ActiveCfg = Release|Any CPU
		{DFB330A3-43E8-4C51-A012-813D5A31F551}.Release|Any CPU.Build.0 = Release|Any CPU
	EndGlobalSection
	GlobalSection(SolutionProperties) = preSolution
		HideSolutionNode = FALSE
	EndGlobalSection
	GlobalSection(ExtensibilityGlobals) = postSolution
		SolutionGuid = {B7A1F12E-7EAB-4FB1-960D-7BF89BC7F33D}
	EndGlobalSection
EndGlobal
